PODS:
  - Alamofire (4.7.3)
  - CenteredCollectionView (2.0.0)
  - R.swift (4.0.0):
    - R.swift.Library (~> 4.0.0)
  - R.swift.Library (4.0.0)
  - Realm (3.7.5):
    - Realm/Headers (= 3.7.5)
  - Realm/Headers (3.7.5)
  - RealmSwift (3.7.5):
    - Realm (= 3.7.5)
  - SkeletonView (1.2.3)
  - SpitcastSwift (0.0.2):
    - Alamofire

DEPENDENCIES:
  - Alamofire
  - CenteredCollectionView
  - R.swift
  - RealmSwift
  - SkeletonView
  - SpitcastSwift

SPEC REPOS:
  https://github.com/cocoapods/specs.git:
    - Alamofire
    - CenteredCollectionView
    - R.swift
    - R.swift.Library
    - Realm
    - RealmSwift
    - SkeletonView
    - SpitcastSwift

SPEC CHECKSUMS:
  Alamofire: c7287b6e5d7da964a70935e5db17046b7fde6568
  CenteredCollectionView: 6548b515645aea6ea89618f4b5ca090191dc8628
  R.swift: d6a5ec2f55a8441dc0ed9f1f8b37d7d11ae85c66
  R.swift.Library: c3af34921024333546e23b70e70d0b4e0cffca75
  Realm: c286caf4dbf346ce24aad49ca76c7ce622d4a082
  RealmSwift: 2a9281e37d6de55f66f76254d49d28aeb1b729e4
  SkeletonView: 6a5772bc32783f4c3e1f818a7d8680d42701dc80
  SpitcastSwift: 985b283db3a1ace8dc71f8e98efd87fd3e2f3757

PODFILE CHECKSUM: cd74fbf547ba5ae2b41b80b8a1235411c02bf601

COCOAPODS: 1.5.3
