PODS:
  - Alamofire (4.7.3)
  - CenteredCollectionView (2.0.0)
  - R.swift (4.0.0):
    - R.swift.Library (~> 4.0.0)
  - R.swift.Library (4.0.0)
  - Realm (3.7.4):
    - Realm/Headers (= 3.7.4)
  - Realm/Headers (3.7.4)
  - RealmSwift (3.7.4):
    - Realm (= 3.7.4)
  - SpitcastSwift (0.0.2):
    - Alamofire

DEPENDENCIES:
  - Alamofire
  - CenteredCollectionView
  - R.swift
  - RealmSwift
  - SpitcastSwift

SPEC REPOS:
  https://github.com/cocoapods/specs.git:
    - Alamofire
    - CenteredCollectionView
    - R.swift
    - R.swift.Library
    - Realm
    - RealmSwift
    - SpitcastSwift

SPEC CHECKSUMS:
  Alamofire: c7287b6e5d7da964a70935e5db17046b7fde6568
  CenteredCollectionView: 6548b515645aea6ea89618f4b5ca090191dc8628
  R.swift: d6a5ec2f55a8441dc0ed9f1f8b37d7d11ae85c66
  R.swift.Library: c3af34921024333546e23b70e70d0b4e0cffca75
  Realm: a469bb59e33f9926102ccaea4349822c53b9117e
  RealmSwift: a45861b21c180f5cf0f122144b9759fa8dde3e9e
  SpitcastSwift: 985b283db3a1ace8dc71f8e98efd87fd3e2f3757

PODFILE CHECKSUM: 75ba8ab4acbfe4586f4527b6600f4b073800ae2f

COCOAPODS: 1.5.3
