// !$*UTF8*$!
{
	archiveVersion = 1;
	classes = {
	};
	objectVersion = 50;
	objects = {

/* Begin PBXBuildFile section */
		7408647120F7144A00C62E29 /* AppDelegate.swift in Sources */ = {isa = PBXBuildFile; fileRef = 7408647020F7144A00C62E29 /* AppDelegate.swift */; };
		7408647320F7144A00C62E29 /* ViewController.swift in Sources */ = {isa = PBXBuildFile; fileRef = 7408647220F7144A00C62E29 /* ViewController.swift */; };
		7408647620F7144A00C62E29 /* Main.storyboard in Resources */ = {isa = PBXBuildFile; fileRef = 7408647420F7144A00C62E29 /* Main.storyboard */; };
		7408647B20F7144B00C62E29 /* Assets.xcassets in Resources */ = {isa = PBXBuildFile; fileRef = 7408647A20F7144B00C62E29 /* Assets.xcassets */; };
		7408647E20F7144B00C62E29 /* LaunchScreen.storyboard in Resources */ = {isa = PBXBuildFile; fileRef = 7408647C20F7144B00C62E29 /* LaunchScreen.storyboard */; };
		741FF7F520F7C239003D683A /* SpitcastClient.swift in Sources */ = {isa = PBXBuildFile; fileRef = 741FF7F420F7C239003D683A /* SpitcastClient.swift */; };
		741FF7F820F7C79A003D683A /* SpitcastModel.swift in Sources */ = {isa = PBXBuildFile; fileRef = 741FF7F720F7C79A003D683A /* SpitcastModel.swift */; };
		743C835620F97C6E0062B994 /* SurfModel.swift in Sources */ = {isa = PBXBuildFile; fileRef = 743C835520F97C6E0062B994 /* SurfModel.swift */; };
		743C835820F9A2B90062B994 /* API Examples.rtf in Resources */ = {isa = PBXBuildFile; fileRef = 743C835720F9A2B90062B994 /* API Examples.rtf */; };
		743C835C20FA82FD0062B994 /* Coordinator.swift in Sources */ = {isa = PBXBuildFile; fileRef = 743C835B20FA82FD0062B994 /* Coordinator.swift */; };
		7468C14D20F8F49500EE9663 /* Endpoint.swift in Sources */ = {isa = PBXBuildFile; fileRef = 7468C14C20F8F49500EE9663 /* Endpoint.swift */; };
		7468C14F20F8F89700EE9663 /* SpitcastEndpoint.swift in Sources */ = {isa = PBXBuildFile; fileRef = 7468C14E20F8F89700EE9663 /* SpitcastEndpoint.swift */; };
		7468C16020F9519B00EE9663 /* StorageManager.swift in Sources */ = {isa = PBXBuildFile; fileRef = 7468C15F20F9519B00EE9663 /* StorageManager.swift */; };
		74C5CFAE20FA8621004AEF35 /* SurfSpotCollectionViewCell.xib in Resources */ = {isa = PBXBuildFile; fileRef = 74C5CFAD20FA8621004AEF35 /* SurfSpotCollectionViewCell.xib */; };
		9BA655AE9A6214F1ED62CFF9 /* Pods_Surf_Alarm.framework in Frameworks */ = {isa = PBXBuildFile; fileRef = 315DB3599D99B6DAD06F81D9 /* Pods_Surf_Alarm.framework */; };
/* End PBXBuildFile section */

/* Begin PBXFileReference section */
		315DB3599D99B6DAD06F81D9 /* Pods_Surf_Alarm.framework */ = {isa = PBXFileReference; explicitFileType = wrapper.framework; includeInIndex = 0; path = Pods_Surf_Alarm.framework; sourceTree = BUILT_PRODUCTS_DIR; };
		7408646D20F7144A00C62E29 /* Surf.Alarm.app */ = {isa = PBXFileReference; explicitFileType = wrapper.application; includeInIndex = 0; path = Surf.Alarm.app; sourceTree = BUILT_PRODUCTS_DIR; };
		7408647020F7144A00C62E29 /* AppDelegate.swift */ = {isa = PBXFileReference; lastKnownFileType = sourcecode.swift; path = AppDelegate.swift; sourceTree = "<group>"; };
		7408647220F7144A00C62E29 /* ViewController.swift */ = {isa = PBXFileReference; lastKnownFileType = sourcecode.swift; path = ViewController.swift; sourceTree = "<group>"; };
		7408647520F7144A00C62E29 /* Base */ = {isa = PBXFileReference; lastKnownFileType = file.storyboard; name = Base; path = Base.lproj/Main.storyboard; sourceTree = "<group>"; };
		7408647A20F7144B00C62E29 /* Assets.xcassets */ = {isa = PBXFileReference; lastKnownFileType = folder.assetcatalog; path = Assets.xcassets; sourceTree = "<group>"; };
		7408647D20F7144B00C62E29 /* Base */ = {isa = PBXFileReference; lastKnownFileType = file.storyboard; name = Base; path = Base.lproj/LaunchScreen.storyboard; sourceTree = "<group>"; };
		7408647F20F7144B00C62E29 /* Info.plist */ = {isa = PBXFileReference; lastKnownFileType = text.plist.xml; path = Info.plist; sourceTree = "<group>"; };
		741FF7F420F7C239003D683A /* SpitcastClient.swift */ = {isa = PBXFileReference; lastKnownFileType = sourcecode.swift; path = SpitcastClient.swift; sourceTree = "<group>"; };
		741FF7F720F7C79A003D683A /* SpitcastModel.swift */ = {isa = PBXFileReference; lastKnownFileType = sourcecode.swift; path = SpitcastModel.swift; sourceTree = "<group>"; };
		743C835520F97C6E0062B994 /* SurfModel.swift */ = {isa = PBXFileReference; lastKnownFileType = sourcecode.swift; path = SurfModel.swift; sourceTree = "<group>"; };
		743C835720F9A2B90062B994 /* API Examples.rtf */ = {isa = PBXFileReference; lastKnownFileType = text.rtf; path = "API Examples.rtf"; sourceTree = "<group>"; };
		743C835B20FA82FD0062B994 /* Coordinator.swift */ = {isa = PBXFileReference; lastKnownFileType = sourcecode.swift; path = Coordinator.swift; sourceTree = "<group>"; };
		7468C14A20F8EFDD00EE9663 /* Surf.Alarm.entitlements */ = {isa = PBXFileReference; lastKnownFileType = text.plist.entitlements; path = Surf.Alarm.entitlements; sourceTree = "<group>"; };
		7468C14C20F8F49500EE9663 /* Endpoint.swift */ = {isa = PBXFileReference; lastKnownFileType = sourcecode.swift; path = Endpoint.swift; sourceTree = "<group>"; };
		7468C14E20F8F89700EE9663 /* SpitcastEndpoint.swift */ = {isa = PBXFileReference; lastKnownFileType = sourcecode.swift; path = SpitcastEndpoint.swift; sourceTree = "<group>"; };
		7468C15F20F9519B00EE9663 /* StorageManager.swift */ = {isa = PBXFileReference; lastKnownFileType = sourcecode.swift; path = StorageManager.swift; sourceTree = "<group>"; };
		74C5CFAD20FA8621004AEF35 /* SurfSpotCollectionViewCell.xib */ = {isa = PBXFileReference; lastKnownFileType = file.xib; path = SurfSpotCollectionViewCell.xib; sourceTree = "<group>"; };
		F23D36825BA411652143C334 /* Pods-Surf.Alarm.release.xcconfig */ = {isa = PBXFileReference; includeInIndex = 1; lastKnownFileType = text.xcconfig; name = "Pods-Surf.Alarm.release.xcconfig"; path = "Pods/Target Support Files/Pods-Surf.Alarm/Pods-Surf.Alarm.release.xcconfig"; sourceTree = "<group>"; };
		F88502A7C8226CE5484A049C /* Pods-Surf.Alarm.debug.xcconfig */ = {isa = PBXFileReference; includeInIndex = 1; lastKnownFileType = text.xcconfig; name = "Pods-Surf.Alarm.debug.xcconfig"; path = "Pods/Target Support Files/Pods-Surf.Alarm/Pods-Surf.Alarm.debug.xcconfig"; sourceTree = "<group>"; };
/* End PBXFileReference section */

/* Begin PBXFrameworksBuildPhase section */
		7408646A20F7144A00C62E29 /* Frameworks */ = {
			isa = PBXFrameworksBuildPhase;
			buildActionMask = 2147483647;
			files = (
				9BA655AE9A6214F1ED62CFF9 /* Pods_Surf_Alarm.framework in Frameworks */,
			);
			runOnlyForDeploymentPostprocessing = 0;
		};
/* End PBXFrameworksBuildPhase section */

/* Begin PBXGroup section */
		220571301EBB0B377593361E /* Frameworks */ = {
			isa = PBXGroup;
			children = (
				315DB3599D99B6DAD06F81D9 /* Pods_Surf_Alarm.framework */,
			);
			name = Frameworks;
			sourceTree = "<group>";
		};
		6880569E42FCDD99E5028678 /* Pods */ = {
			isa = PBXGroup;
			children = (
				F88502A7C8226CE5484A049C /* Pods-Surf.Alarm.debug.xcconfig */,
				F23D36825BA411652143C334 /* Pods-Surf.Alarm.release.xcconfig */,
			);
			name = Pods;
			sourceTree = "<group>";
		};
		7408646420F7144A00C62E29 = {
			isa = PBXGroup;
			children = (
				7408646F20F7144A00C62E29 /* Surf.Alarm */,
				7408646E20F7144A00C62E29 /* Products */,
				6880569E42FCDD99E5028678 /* Pods */,
				220571301EBB0B377593361E /* Frameworks */,
			);
			sourceTree = "<group>";
		};
		7408646E20F7144A00C62E29 /* Products */ = {
			isa = PBXGroup;
			children = (
				7408646D20F7144A00C62E29 /* Surf.Alarm.app */,
			);
			name = Products;
			sourceTree = "<group>";
		};
		7408646F20F7144A00C62E29 /* Surf.Alarm */ = {
			isa = PBXGroup;
			children = (
				7468C15220F9229100EE9663 /* Supporting Files */,
				7468C15120F9228400EE9663 /* UI */,
				74BF2EA320F7C08A000D0042 /* Services */,
				7468C15020F9227400EE9663 /* Storage */,
				743C835B20FA82FD0062B994 /* Coordinator.swift */,
				7408647020F7144A00C62E29 /* AppDelegate.swift */,
			);
			path = Surf.Alarm;
			sourceTree = "<group>";
		};
		741FF7F620F7C77D003D683A /* Spitcast */ = {
			isa = PBXGroup;
			children = (
				741FF7F720F7C79A003D683A /* SpitcastModel.swift */,
				7468C14E20F8F89700EE9663 /* SpitcastEndpoint.swift */,
				741FF7F420F7C239003D683A /* SpitcastClient.swift */,
			);
			path = Spitcast;
			sourceTree = "<group>";
		};
		7468C15020F9227400EE9663 /* Storage */ = {
			isa = PBXGroup;
			children = (
				743C835520F97C6E0062B994 /* SurfModel.swift */,
				7468C15F20F9519B00EE9663 /* StorageManager.swift */,
			);
			path = Storage;
			sourceTree = "<group>";
		};
		7468C15120F9228400EE9663 /* UI */ = {
			isa = PBXGroup;
			children = (
				7408647220F7144A00C62E29 /* ViewController.swift */,
				7408647420F7144A00C62E29 /* Main.storyboard */,
				7408647C20F7144B00C62E29 /* LaunchScreen.storyboard */,
				7408647A20F7144B00C62E29 /* Assets.xcassets */,
				74C5CFAD20FA8621004AEF35 /* SurfSpotCollectionViewCell.xib */,
			);
			path = UI;
			sourceTree = "<group>";
		};
		7468C15220F9229100EE9663 /* Supporting Files */ = {
			isa = PBXGroup;
			children = (
				7408647F20F7144B00C62E29 /* Info.plist */,
				7468C14A20F8EFDD00EE9663 /* Surf.Alarm.entitlements */,
				743C835720F9A2B90062B994 /* API Examples.rtf */,
			);
			path = "Supporting Files";
			sourceTree = "<group>";
		};
		74BF2EA320F7C08A000D0042 /* Services */ = {
			isa = PBXGroup;
			children = (
				7468C14C20F8F49500EE9663 /* Endpoint.swift */,
				741FF7F620F7C77D003D683A /* Spitcast */,
			);
			path = Services;
			sourceTree = "<group>";
		};
/* End PBXGroup section */

/* Begin PBXNativeTarget section */
		7408646C20F7144A00C62E29 /* Surf.Alarm */ = {
			isa = PBXNativeTarget;
			buildConfigurationList = 7408648220F7144B00C62E29 /* Build configuration list for PBXNativeTarget "Surf.Alarm" */;
			buildPhases = (
				25F3BFFA6265F4EDA7BD6B39 /* [CP] Check Pods Manifest.lock */,
				7408646920F7144A00C62E29 /* Sources */,
				7408646A20F7144A00C62E29 /* Frameworks */,
				7408646B20F7144A00C62E29 /* Resources */,
				DF9295013BF301C35DE44756 /* [CP] Embed Pods Frameworks */,
			);
			buildRules = (
			);
			dependencies = (
			);
			name = Surf.Alarm;
			productName = Surf.Alarm;
			productReference = 7408646D20F7144A00C62E29 /* Surf.Alarm.app */;
			productType = "com.apple.product-type.application";
		};
/* End PBXNativeTarget section */

/* Begin PBXProject section */
		7408646520F7144A00C62E29 /* Project object */ = {
			isa = PBXProject;
			attributes = {
				LastSwiftUpdateCheck = 1000;
				LastUpgradeCheck = 1000;
				ORGANIZATIONNAME = Surf.Alarm;
				TargetAttributes = {
					7408646C20F7144A00C62E29 = {
						CreatedOnToolsVersion = 10.0;
						SystemCapabilities = {
							com.apple.BackgroundModes = {
								enabled = 1;
							};
							com.apple.Push = {
								enabled = 0;
							};
						};
					};
				};
			};
			buildConfigurationList = 7408646820F7144A00C62E29 /* Build configuration list for PBXProject "Surf.Alarm" */;
			compatibilityVersion = "Xcode 9.3";
			developmentRegion = en;
			hasScannedForEncodings = 0;
			knownRegions = (
				en,
				Base,
			);
			mainGroup = 7408646420F7144A00C62E29;
			productRefGroup = 7408646E20F7144A00C62E29 /* Products */;
			projectDirPath = "";
			projectRoot = "";
			targets = (
				7408646C20F7144A00C62E29 /* Surf.Alarm */,
			);
		};
/* End PBXProject section */

/* Begin PBXResourcesBuildPhase section */
		7408646B20F7144A00C62E29 /* Resources */ = {
			isa = PBXResourcesBuildPhase;
			buildActionMask = 2147483647;
			files = (
				7408647E20F7144B00C62E29 /* LaunchScreen.storyboard in Resources */,
				74C5CFAE20FA8621004AEF35 /* SurfSpotCollectionViewCell.xib in Resources */,
				7408647B20F7144B00C62E29 /* Assets.xcassets in Resources */,
				743C835820F9A2B90062B994 /* API Examples.rtf in Resources */,
				7408647620F7144A00C62E29 /* Main.storyboard in Resources */,
			);
			runOnlyForDeploymentPostprocessing = 0;
		};
/* End PBXResourcesBuildPhase section */

/* Begin PBXShellScriptBuildPhase section */
		25F3BFFA6265F4EDA7BD6B39 /* [CP] Check Pods Manifest.lock */ = {
			isa = PBXShellScriptBuildPhase;
			buildActionMask = 2147483647;
			files = (
			);
			inputPaths = (
				"${PODS_PODFILE_DIR_PATH}/Podfile.lock",
				"${PODS_ROOT}/Manifest.lock",
			);
			name = "[CP] Check Pods Manifest.lock";
			outputPaths = (
				"$(DERIVED_FILE_DIR)/Pods-Surf.Alarm-checkManifestLockResult.txt",
			);
			runOnlyForDeploymentPostprocessing = 0;
			shellPath = /bin/sh;
			shellScript = "diff \"${PODS_PODFILE_DIR_PATH}/Podfile.lock\" \"${PODS_ROOT}/Manifest.lock\" > /dev/null\nif [ $? != 0 ] ; then\n    # print error to STDERR\n    echo \"error: The sandbox is not in sync with the Podfile.lock. Run 'pod install' or update your CocoaPods installation.\" >&2\n    exit 1\nfi\n# This output is used by Xcode 'outputs' to avoid re-running this script phase.\necho \"SUCCESS\" > \"${SCRIPT_OUTPUT_FILE_0}\"\n";
			showEnvVarsInLog = 0;
		};
		DF9295013BF301C35DE44756 /* [CP] Embed Pods Frameworks */ = {
			isa = PBXShellScriptBuildPhase;
			buildActionMask = 2147483647;
			files = (
			);
			inputPaths = (
				"${SRCROOT}/Pods/Target Support Files/Pods-Surf.Alarm/Pods-Surf.Alarm-frameworks.sh",
				"${BUILT_PRODUCTS_DIR}/Alamofire/Alamofire.framework",
				"${BUILT_PRODUCTS_DIR}/Realm/Realm.framework",
				"${BUILT_PRODUCTS_DIR}/RealmSwift/RealmSwift.framework",
			);
			name = "[CP] Embed Pods Frameworks";
			outputPaths = (
				"${TARGET_BUILD_DIR}/${FRAMEWORKS_FOLDER_PATH}/Alamofire.framework",
				"${TARGET_BUILD_DIR}/${FRAMEWORKS_FOLDER_PATH}/Realm.framework",
				"${TARGET_BUILD_DIR}/${FRAMEWORKS_FOLDER_PATH}/RealmSwift.framework",
			);
			runOnlyForDeploymentPostprocessing = 0;
			shellPath = /bin/sh;
			shellScript = "\"${SRCROOT}/Pods/Target Support Files/Pods-Surf.Alarm/Pods-Surf.Alarm-frameworks.sh\"\n";
			showEnvVarsInLog = 0;
		};
/* End PBXShellScriptBuildPhase section */

/* Begin PBXSourcesBuildPhase section */
		7408646920F7144A00C62E29 /* Sources */ = {
			isa = PBXSourcesBuildPhase;
			buildActionMask = 2147483647;
			files = (
				7468C14D20F8F49500EE9663 /* Endpoint.swift in Sources */,
				741FF7F520F7C239003D683A /* SpitcastClient.swift in Sources */,
				7408647320F7144A00C62E29 /* ViewController.swift in Sources */,
				743C835620F97C6E0062B994 /* SurfModel.swift in Sources */,
				7408647120F7144A00C62E29 /* AppDelegate.swift in Sources */,
				7468C16020F9519B00EE9663 /* StorageManager.swift in Sources */,
				7468C14F20F8F89700EE9663 /* SpitcastEndpoint.swift in Sources */,
				741FF7F820F7C79A003D683A /* SpitcastModel.swift in Sources */,
				743C835C20FA82FD0062B994 /* Coordinator.swift in Sources */,
			);
			runOnlyForDeploymentPostprocessing = 0;
		};
/* End PBXSourcesBuildPhase section */

/* Begin PBXVariantGroup section */
		7408647420F7144A00C62E29 /* Main.storyboard */ = {
			isa = PBXVariantGroup;
			children = (
				7408647520F7144A00C62E29 /* Base */,
			);
			name = Main.storyboard;
			sourceTree = "<group>";
		};
		7408647C20F7144B00C62E29 /* LaunchScreen.storyboard */ = {
			isa = PBXVariantGroup;
			children = (
				7408647D20F7144B00C62E29 /* Base */,
			);
			name = LaunchScreen.storyboard;
			sourceTree = "<group>";
		};
/* End PBXVariantGroup section */

/* Begin XCBuildConfiguration section */
		7408648020F7144B00C62E29 /* Debug */ = {
			isa = XCBuildConfiguration;
			buildSettings = {
				ALWAYS_SEARCH_USER_PATHS = NO;
				CLANG_ANALYZER_NONNULL = YES;
				CLANG_ANALYZER_NUMBER_OBJECT_CONVERSION = YES_AGGRESSIVE;
				CLANG_CXX_LANGUAGE_STANDARD = "gnu++14";
				CLANG_CXX_LIBRARY = "libc++";
				CLANG_ENABLE_MODULES = YES;
				CLANG_ENABLE_OBJC_ARC = YES;
				CLANG_ENABLE_OBJC_WEAK = YES;
				CLANG_WARN_BLOCK_CAPTURE_AUTORELEASING = YES;
				CLANG_WARN_BOOL_CONVERSION = YES;
				CLANG_WARN_COMMA = YES;
				CLANG_WARN_CONSTANT_CONVERSION = YES;
				CLANG_WARN_DEPRECATED_OBJC_IMPLEMENTATIONS = YES;
				CLANG_WARN_DIRECT_OBJC_ISA_USAGE = YES_ERROR;
				CLANG_WARN_DOCUMENTATION_COMMENTS = YES;
				CLANG_WARN_EMPTY_BODY = YES;
				CLANG_WARN_ENUM_CONVERSION = YES;
				CLANG_WARN_INFINITE_RECURSION = YES;
				CLANG_WARN_INT_CONVERSION = YES;
				CLANG_WARN_NON_LITERAL_NULL_CONVERSION = YES;
				CLANG_WARN_OBJC_IMPLICIT_RETAIN_SELF = YES;
				CLANG_WARN_OBJC_LITERAL_CONVERSION = YES;
				CLANG_WARN_OBJC_ROOT_CLASS = YES_ERROR;
				CLANG_WARN_RANGE_LOOP_ANALYSIS = YES;
				CLANG_WARN_STRICT_PROTOTYPES = YES;
				CLANG_WARN_SUSPICIOUS_MOVE = YES;
				CLANG_WARN_UNGUARDED_AVAILABILITY = YES_AGGRESSIVE;
				CLANG_WARN_UNREACHABLE_CODE = YES;
				CLANG_WARN__DUPLICATE_METHOD_MATCH = YES;
				CODE_SIGN_IDENTITY = "iPhone Developer";
				COPY_PHASE_STRIP = NO;
				DEBUG_INFORMATION_FORMAT = dwarf;
				ENABLE_STRICT_OBJC_MSGSEND = YES;
				ENABLE_TESTABILITY = YES;
				GCC_C_LANGUAGE_STANDARD = gnu11;
				GCC_DYNAMIC_NO_PIC = NO;
				GCC_NO_COMMON_BLOCKS = YES;
				GCC_OPTIMIZATION_LEVEL = 0;
				GCC_PREPROCESSOR_DEFINITIONS = (
					"DEBUG=1",
					"$(inherited)",
				);
				GCC_WARN_64_TO_32_BIT_CONVERSION = YES;
				GCC_WARN_ABOUT_RETURN_TYPE = YES_ERROR;
				GCC_WARN_UNDECLARED_SELECTOR = YES;
				GCC_WARN_UNINITIALIZED_AUTOS = YES_AGGRESSIVE;
				GCC_WARN_UNUSED_FUNCTION = YES;
				GCC_WARN_UNUSED_VARIABLE = YES;
				IPHONEOS_DEPLOYMENT_TARGET = 11.0;
				MTL_ENABLE_DEBUG_INFO = INCLUDE_SOURCE;
				MTL_FAST_MATH = YES;
				ONLY_ACTIVE_ARCH = YES;
				SDKROOT = iphoneos;
				SWIFT_ACTIVE_COMPILATION_CONDITIONS = DEBUG;
				SWIFT_OPTIMIZATION_LEVEL = "-Onone";
			};
			name = Debug;
		};
		7408648120F7144B00C62E29 /* Release */ = {
			isa = XCBuildConfiguration;
			buildSettings = {
				ALWAYS_SEARCH_USER_PATHS = NO;
				CLANG_ANALYZER_NONNULL = YES;
				CLANG_ANALYZER_NUMBER_OBJECT_CONVERSION = YES_AGGRESSIVE;
				CLANG_CXX_LANGUAGE_STANDARD = "gnu++14";
				CLANG_CXX_LIBRARY = "libc++";
				CLANG_ENABLE_MODULES = YES;
				CLANG_ENABLE_OBJC_ARC = YES;
				CLANG_ENABLE_OBJC_WEAK = YES;
				CLANG_WARN_BLOCK_CAPTURE_AUTORELEASING = YES;
				CLANG_WARN_BOOL_CONVERSION = YES;
				CLANG_WARN_COMMA = YES;
				CLANG_WARN_CONSTANT_CONVERSION = YES;
				CLANG_WARN_DEPRECATED_OBJC_IMPLEMENTATIONS = YES;
				CLANG_WARN_DIRECT_OBJC_ISA_USAGE = YES_ERROR;
				CLANG_WARN_DOCUMENTATION_COMMENTS = YES;
				CLANG_WARN_EMPTY_BODY = YES;
				CLANG_WARN_ENUM_CONVERSION = YES;
				CLANG_WARN_INFINITE_RECURSION = YES;
				CLANG_WARN_INT_CONVERSION = YES;
				CLANG_WARN_NON_LITERAL_NULL_CONVERSION = YES;
				CLANG_WARN_OBJC_IMPLICIT_RETAIN_SELF = YES;
				CLANG_WARN_OBJC_LITERAL_CONVERSION = YES;
				CLANG_WARN_OBJC_ROOT_CLASS = YES_ERROR;
				CLANG_WARN_RANGE_LOOP_ANALYSIS = YES;
				CLANG_WARN_STRICT_PROTOTYPES = YES;
				CLANG_WARN_SUSPICIOUS_MOVE = YES;
				CLANG_WARN_UNGUARDED_AVAILABILITY = YES_AGGRESSIVE;
				CLANG_WARN_UNREACHABLE_CODE = YES;
				CLANG_WARN__DUPLICATE_METHOD_MATCH = YES;
				CODE_SIGN_IDENTITY = "iPhone Developer";
				COPY_PHASE_STRIP = NO;
				DEBUG_INFORMATION_FORMAT = "dwarf-with-dsym";
				ENABLE_NS_ASSERTIONS = NO;
				ENABLE_STRICT_OBJC_MSGSEND = YES;
				GCC_C_LANGUAGE_STANDARD = gnu11;
				GCC_NO_COMMON_BLOCKS = YES;
				GCC_WARN_64_TO_32_BIT_CONVERSION = YES;
				GCC_WARN_ABOUT_RETURN_TYPE = YES_ERROR;
				GCC_WARN_UNDECLARED_SELECTOR = YES;
				GCC_WARN_UNINITIALIZED_AUTOS = YES_AGGRESSIVE;
				GCC_WARN_UNUSED_FUNCTION = YES;
				GCC_WARN_UNUSED_VARIABLE = YES;
				IPHONEOS_DEPLOYMENT_TARGET = 11.0;
				MTL_ENABLE_DEBUG_INFO = NO;
				MTL_FAST_MATH = YES;
				SDKROOT = iphoneos;
				SWIFT_COMPILATION_MODE = wholemodule;
				SWIFT_OPTIMIZATION_LEVEL = "-O";
				VALIDATE_PRODUCT = YES;
			};
			name = Release;
		};
		7408648320F7144B00C62E29 /* Debug */ = {
			isa = XCBuildConfiguration;
			baseConfigurationReference = F88502A7C8226CE5484A049C /* Pods-Surf.Alarm.debug.xcconfig */;
			buildSettings = {
				ASSETCATALOG_COMPILER_APPICON_NAME = AppIcon;
				CODE_SIGN_STYLE = Automatic;
				DEVELOPMENT_TEAM = NZ4TW8FFF3;
				INFOPLIST_FILE = "Surf.Alarm/Supporting Files/Info.plist";
				IPHONEOS_DEPLOYMENT_TARGET = 11.0;
				LD_RUNPATH_SEARCH_PATHS = (
					"$(inherited)",
					"@executable_path/Frameworks",
				);
				PRODUCT_BUNDLE_IDENTIFIER = "My.Surf-Alarm";
				PRODUCT_NAME = "$(TARGET_NAME)";
				SWIFT_VERSION = 4.2;
				TARGETED_DEVICE_FAMILY = 1;
			};
			name = Debug;
		};
		7408648420F7144B00C62E29 /* Release */ = {
			isa = XCBuildConfiguration;
			baseConfigurationReference = F23D36825BA411652143C334 /* Pods-Surf.Alarm.release.xcconfig */;
			buildSettings = {
				ASSETCATALOG_COMPILER_APPICON_NAME = AppIcon;
				CODE_SIGN_STYLE = Automatic;
				DEVELOPMENT_TEAM = NZ4TW8FFF3;
				INFOPLIST_FILE = "Surf.Alarm/Supporting Files/Info.plist";
				IPHONEOS_DEPLOYMENT_TARGET = 11.0;
				LD_RUNPATH_SEARCH_PATHS = (
					"$(inherited)",
					"@executable_path/Frameworks",
				);
				PRODUCT_BUNDLE_IDENTIFIER = "My.Surf-Alarm";
				PRODUCT_NAME = "$(TARGET_NAME)";
				SWIFT_VERSION = 4.2;
				TARGETED_DEVICE_FAMILY = 1;
			};
			name = Release;
		};
/* End XCBuildConfiguration section */

/* Begin XCConfigurationList section */
		7408646820F7144A00C62E29 /* Build configuration list for PBXProject "Surf.Alarm" */ = {
			isa = XCConfigurationList;
			buildConfigurations = (
				7408648020F7144B00C62E29 /* Debug */,
				7408648120F7144B00C62E29 /* Release */,
			);
			defaultConfigurationIsVisible = 0;
			defaultConfigurationName = Release;
		};
		7408648220F7144B00C62E29 /* Build configuration list for PBXNativeTarget "Surf.Alarm" */ = {
			isa = XCConfigurationList;
			buildConfigurations = (
				7408648320F7144B00C62E29 /* Debug */,
				7408648420F7144B00C62E29 /* Release */,
			);
			defaultConfigurationIsVisible = 0;
			defaultConfigurationName = Release;
		};
/* End XCConfigurationList section */
	};
	rootObject = 7408646520F7144A00C62E29 /* Project object */;
}
