// !$*UTF8*$!
{
	archiveVersion = 1;
	classes = {
	};
	objectVersion = 50;
	objects = {

/* Begin PBXBuildFile section */
		7408647120F7144A00C62E29 /* AppDelegate.swift in Sources */ = {isa = PBXBuildFile; fileRef = 7408647020F7144A00C62E29 /* AppDelegate.swift */; };
		7408647620F7144A00C62E29 /* Main.storyboard in Resources */ = {isa = PBXBuildFile; fileRef = 7408647420F7144A00C62E29 /* Main.storyboard */; };
		7408647B20F7144B00C62E29 /* Assets.xcassets in Resources */ = {isa = PBXBuildFile; fileRef = 7408647A20F7144B00C62E29 /* Assets.xcassets */; };
		7408647E20F7144B00C62E29 /* LaunchScreen.storyboard in Resources */ = {isa = PBXBuildFile; fileRef = 7408647C20F7144B00C62E29 /* LaunchScreen.storyboard */; };
		74308F7A20FAE885004A608B /* SurfSpotsMapVC.swift in Sources */ = {isa = PBXBuildFile; fileRef = 74308F7920FAE885004A608B /* SurfSpotsMapVC.swift */; };
		74308F7E20FAE9C8004A608B /* Constants.swift in Sources */ = {isa = PBXBuildFile; fileRef = 74308F7D20FAE9C8004A608B /* Constants.swift */; };
		743C835620F97C6E0062B994 /* SurfModel.swift in Sources */ = {isa = PBXBuildFile; fileRef = 743C835520F97C6E0062B994 /* SurfModel.swift */; };
		743C835820F9A2B90062B994 /* API Examples.rtf in Resources */ = {isa = PBXBuildFile; fileRef = 743C835720F9A2B90062B994 /* API Examples.rtf */; };
		743C835C20FA82FD0062B994 /* Coordinator.swift in Sources */ = {isa = PBXBuildFile; fileRef = 743C835B20FA82FD0062B994 /* Coordinator.swift */; };
		744E73A12105868900C2EF0C /* SurfSpotAnnotationView.swift in Sources */ = {isa = PBXBuildFile; fileRef = 744E73A02105868900C2EF0C /* SurfSpotAnnotationView.swift */; };
		745E5BA1210958930075A851 /* DesignableViews.swift in Sources */ = {isa = PBXBuildFile; fileRef = 745E5BA0210958930075A851 /* DesignableViews.swift */; };
		745E5BA3210972F80075A851 /* MainVC.swift in Sources */ = {isa = PBXBuildFile; fileRef = 745E5BA2210972F80075A851 /* MainVC.swift */; };
		745E5BA721098FDE0075A851 /* SurfSpotMapDelegate.swift in Sources */ = {isa = PBXBuildFile; fileRef = 745E5BA621098FDE0075A851 /* SurfSpotMapDelegate.swift */; };
		745E5BA921099EC70075A851 /* SurfSpotSearchDelegate.swift in Sources */ = {isa = PBXBuildFile; fileRef = 745E5BA821099EC70075A851 /* SurfSpotSearchDelegate.swift */; };
		745E5BAD210A1F630075A851 /* SurfSpotCollectionViewDelegate.swift in Sources */ = {isa = PBXBuildFile; fileRef = 745E5BAC210A1F630075A851 /* SurfSpotCollectionViewDelegate.swift */; };
		745E5BB1210A3A2E0075A851 /* CLLocationCoordinate2D+Equality.swift in Sources */ = {isa = PBXBuildFile; fileRef = 745E5BB0210A3A2E0075A851 /* CLLocationCoordinate2D+Equality.swift */; };
		7468C16020F9519B00EE9663 /* Realm+SurfAlarm.swift in Sources */ = {isa = PBXBuildFile; fileRef = 7468C15F20F9519B00EE9663 /* Realm+SurfAlarm.swift */; };
		74BCAD2D2106BFC200711DD8 /* SurfSpotSearchController.xib in Resources */ = {isa = PBXBuildFile; fileRef = 74BCAD2C2106BFC200711DD8 /* SurfSpotSearchController.xib */; };
		74C5CFAE20FA8621004AEF35 /* SurfSpotCell.xib in Resources */ = {isa = PBXBuildFile; fileRef = 74C5CFAD20FA8621004AEF35 /* SurfSpotCell.xib */; };
		74C5CFB120FABBA3004AEF35 /* SurfSpotCell.swift in Sources */ = {isa = PBXBuildFile; fileRef = 74C5CFB020FABBA3004AEF35 /* SurfSpotCell.swift */; };
		74C5CFB820FAC151004AEF35 /* SurfSpotsCollectionVC.swift in Sources */ = {isa = PBXBuildFile; fileRef = 74C5CFB620FAC151004AEF35 /* SurfSpotsCollectionVC.swift */; };
		74C5CFC420FAC608004AEF35 /* R.generated.swift in Sources */ = {isa = PBXBuildFile; fileRef = 74C5CFC320FAC608004AEF35 /* R.generated.swift */; };
		74EFF1EF20FAEE3100789C3C /* Double+SurfHeight.swift in Sources */ = {isa = PBXBuildFile; fileRef = 74EFF1EE20FAEE3100789C3C /* Double+SurfHeight.swift */; };
		74FFBE2121061E5200DB03E5 /* ClusterAnnotationView.swift in Sources */ = {isa = PBXBuildFile; fileRef = 74FFBE2021061E5200DB03E5 /* ClusterAnnotationView.swift */; };
		74FFBE25210661DF00DB03E5 /* SurfSpotSearchController.swift in Sources */ = {isa = PBXBuildFile; fileRef = 74FFBE23210661DF00DB03E5 /* SurfSpotSearchController.swift */; };
		9BA655AE9A6214F1ED62CFF9 /* Pods_Surf_Alarm.framework in Frameworks */ = {isa = PBXBuildFile; fileRef = 315DB3599D99B6DAD06F81D9 /* Pods_Surf_Alarm.framework */; };
/* End PBXBuildFile section */

/* Begin PBXFileReference section */
		315DB3599D99B6DAD06F81D9 /* Pods_Surf_Alarm.framework */ = {isa = PBXFileReference; explicitFileType = wrapper.framework; includeInIndex = 0; path = Pods_Surf_Alarm.framework; sourceTree = BUILT_PRODUCTS_DIR; };
		7408646D20F7144A00C62E29 /* Surf.Alarm.app */ = {isa = PBXFileReference; explicitFileType = wrapper.application; includeInIndex = 0; path = Surf.Alarm.app; sourceTree = BUILT_PRODUCTS_DIR; };
		7408647020F7144A00C62E29 /* AppDelegate.swift */ = {isa = PBXFileReference; lastKnownFileType = sourcecode.swift; path = AppDelegate.swift; sourceTree = "<group>"; };
		7408647520F7144A00C62E29 /* Base */ = {isa = PBXFileReference; lastKnownFileType = file.storyboard; name = Base; path = Base.lproj/Main.storyboard; sourceTree = "<group>"; };
		7408647A20F7144B00C62E29 /* Assets.xcassets */ = {isa = PBXFileReference; lastKnownFileType = folder.assetcatalog; path = Assets.xcassets; sourceTree = "<group>"; };
		7408647D20F7144B00C62E29 /* Base */ = {isa = PBXFileReference; lastKnownFileType = file.storyboard; name = Base; path = Base.lproj/LaunchScreen.storyboard; sourceTree = "<group>"; };
		7408647F20F7144B00C62E29 /* Info.plist */ = {isa = PBXFileReference; lastKnownFileType = text.plist.xml; path = Info.plist; sourceTree = "<group>"; };
		74308F7920FAE885004A608B /* SurfSpotsMapVC.swift */ = {isa = PBXFileReference; lastKnownFileType = sourcecode.swift; path = SurfSpotsMapVC.swift; sourceTree = "<group>"; };
		74308F7D20FAE9C8004A608B /* Constants.swift */ = {isa = PBXFileReference; lastKnownFileType = sourcecode.swift; path = Constants.swift; sourceTree = "<group>"; };
		743C835520F97C6E0062B994 /* SurfModel.swift */ = {isa = PBXFileReference; lastKnownFileType = sourcecode.swift; path = SurfModel.swift; sourceTree = "<group>"; };
		743C835720F9A2B90062B994 /* API Examples.rtf */ = {isa = PBXFileReference; lastKnownFileType = text.rtf; path = "API Examples.rtf"; sourceTree = "<group>"; };
		743C835B20FA82FD0062B994 /* Coordinator.swift */ = {isa = PBXFileReference; lastKnownFileType = sourcecode.swift; path = Coordinator.swift; sourceTree = "<group>"; };
		744E73A02105868900C2EF0C /* SurfSpotAnnotationView.swift */ = {isa = PBXFileReference; lastKnownFileType = sourcecode.swift; path = SurfSpotAnnotationView.swift; sourceTree = "<group>"; };
		745E5BA0210958930075A851 /* DesignableViews.swift */ = {isa = PBXFileReference; lastKnownFileType = sourcecode.swift; path = DesignableViews.swift; sourceTree = "<group>"; };
		745E5BA2210972F80075A851 /* MainVC.swift */ = {isa = PBXFileReference; lastKnownFileType = sourcecode.swift; path = MainVC.swift; sourceTree = "<group>"; };
		745E5BA621098FDE0075A851 /* SurfSpotMapDelegate.swift */ = {isa = PBXFileReference; lastKnownFileType = sourcecode.swift; path = SurfSpotMapDelegate.swift; sourceTree = "<group>"; };
		745E5BA821099EC70075A851 /* SurfSpotSearchDelegate.swift */ = {isa = PBXFileReference; lastKnownFileType = sourcecode.swift; path = SurfSpotSearchDelegate.swift; sourceTree = "<group>"; };
		745E5BAC210A1F630075A851 /* SurfSpotCollectionViewDelegate.swift */ = {isa = PBXFileReference; lastKnownFileType = sourcecode.swift; path = SurfSpotCollectionViewDelegate.swift; sourceTree = "<group>"; };
		745E5BB0210A3A2E0075A851 /* CLLocationCoordinate2D+Equality.swift */ = {isa = PBXFileReference; lastKnownFileType = sourcecode.swift; path = "CLLocationCoordinate2D+Equality.swift"; sourceTree = "<group>"; };
		7468C14A20F8EFDD00EE9663 /* Surf.Alarm.entitlements */ = {isa = PBXFileReference; lastKnownFileType = text.plist.entitlements; path = Surf.Alarm.entitlements; sourceTree = "<group>"; };
		7468C15F20F9519B00EE9663 /* Realm+SurfAlarm.swift */ = {isa = PBXFileReference; lastKnownFileType = sourcecode.swift; path = "Realm+SurfAlarm.swift"; sourceTree = "<group>"; };
		74BCAD2C2106BFC200711DD8 /* SurfSpotSearchController.xib */ = {isa = PBXFileReference; fileEncoding = 4; lastKnownFileType = file.xib; path = SurfSpotSearchController.xib; sourceTree = "<group>"; };
		74C5CFAD20FA8621004AEF35 /* SurfSpotCell.xib */ = {isa = PBXFileReference; lastKnownFileType = file.xib; path = SurfSpotCell.xib; sourceTree = "<group>"; };
		74C5CFB020FABBA3004AEF35 /* SurfSpotCell.swift */ = {isa = PBXFileReference; lastKnownFileType = sourcecode.swift; path = SurfSpotCell.swift; sourceTree = "<group>"; };
		74C5CFB620FAC151004AEF35 /* SurfSpotsCollectionVC.swift */ = {isa = PBXFileReference; lastKnownFileType = sourcecode.swift; path = SurfSpotsCollectionVC.swift; sourceTree = "<group>"; };
		74C5CFC320FAC608004AEF35 /* R.generated.swift */ = {isa = PBXFileReference; fileEncoding = 4; lastKnownFileType = sourcecode.swift; path = R.generated.swift; sourceTree = SOURCE_ROOT; };
		74EFF1EE20FAEE3100789C3C /* Double+SurfHeight.swift */ = {isa = PBXFileReference; lastKnownFileType = sourcecode.swift; path = "Double+SurfHeight.swift"; sourceTree = "<group>"; };
		74FFBE2021061E5200DB03E5 /* ClusterAnnotationView.swift */ = {isa = PBXFileReference; lastKnownFileType = sourcecode.swift; path = ClusterAnnotationView.swift; sourceTree = "<group>"; };
		74FFBE23210661DF00DB03E5 /* SurfSpotSearchController.swift */ = {isa = PBXFileReference; lastKnownFileType = sourcecode.swift; path = SurfSpotSearchController.swift; sourceTree = "<group>"; };
		F23D36825BA411652143C334 /* Pods-Surf.Alarm.release.xcconfig */ = {isa = PBXFileReference; includeInIndex = 1; lastKnownFileType = text.xcconfig; name = "Pods-Surf.Alarm.release.xcconfig"; path = "Pods/Target Support Files/Pods-Surf.Alarm/Pods-Surf.Alarm.release.xcconfig"; sourceTree = "<group>"; };
		F88502A7C8226CE5484A049C /* Pods-Surf.Alarm.debug.xcconfig */ = {isa = PBXFileReference; includeInIndex = 1; lastKnownFileType = text.xcconfig; name = "Pods-Surf.Alarm.debug.xcconfig"; path = "Pods/Target Support Files/Pods-Surf.Alarm/Pods-Surf.Alarm.debug.xcconfig"; sourceTree = "<group>"; };
/* End PBXFileReference section */

/* Begin PBXFrameworksBuildPhase section */
		7408646A20F7144A00C62E29 /* Frameworks */ = {
			isa = PBXFrameworksBuildPhase;
			buildActionMask = 2147483647;
			files = (
				9BA655AE9A6214F1ED62CFF9 /* Pods_Surf_Alarm.framework in Frameworks */,
			);
			runOnlyForDeploymentPostprocessing = 0;
		};
/* End PBXFrameworksBuildPhase section */

/* Begin PBXGroup section */
		220571301EBB0B377593361E /* Frameworks */ = {
			isa = PBXGroup;
			children = (
				315DB3599D99B6DAD06F81D9 /* Pods_Surf_Alarm.framework */,
			);
			name = Frameworks;
			sourceTree = "<group>";
		};
		6880569E42FCDD99E5028678 /* Pods */ = {
			isa = PBXGroup;
			children = (
				F88502A7C8226CE5484A049C /* Pods-Surf.Alarm.debug.xcconfig */,
				F23D36825BA411652143C334 /* Pods-Surf.Alarm.release.xcconfig */,
			);
			name = Pods;
			sourceTree = "<group>";
		};
		7408646420F7144A00C62E29 = {
			isa = PBXGroup;
			children = (
				7408646F20F7144A00C62E29 /* Surf.Alarm */,
				7408646E20F7144A00C62E29 /* Products */,
				6880569E42FCDD99E5028678 /* Pods */,
				220571301EBB0B377593361E /* Frameworks */,
			);
			sourceTree = "<group>";
		};
		7408646E20F7144A00C62E29 /* Products */ = {
			isa = PBXGroup;
			children = (
				7408646D20F7144A00C62E29 /* Surf.Alarm.app */,
			);
			name = Products;
			sourceTree = "<group>";
		};
		7408646F20F7144A00C62E29 /* Surf.Alarm */ = {
			isa = PBXGroup;
			children = (
				743C835B20FA82FD0062B994 /* Coordinator.swift */,
				7408647020F7144A00C62E29 /* AppDelegate.swift */,
				7468C15120F9228400EE9663 /* UI */,
				7468C15020F9227400EE9663 /* Storage */,
				74308F7F20FAEDDB004A608B /* Extensions */,
				7468C15220F9229100EE9663 /* Supporting Files */,
			);
			path = Surf.Alarm;
			sourceTree = "<group>";
		};
		74308F7F20FAEDDB004A608B /* Extensions */ = {
			isa = PBXGroup;
			children = (
				74308F7D20FAE9C8004A608B /* Constants.swift */,
				74EFF1EE20FAEE3100789C3C /* Double+SurfHeight.swift */,
				745E5BB0210A3A2E0075A851 /* CLLocationCoordinate2D+Equality.swift */,
			);
			path = Extensions;
			sourceTree = "<group>";
		};
		745E5B9F210958870075A851 /* Views */ = {
			isa = PBXGroup;
			children = (
				745E5BA0210958930075A851 /* DesignableViews.swift */,
			);
			path = Views;
			sourceTree = "<group>";
		};
		7468C15020F9227400EE9663 /* Storage */ = {
			isa = PBXGroup;
			children = (
				7468C15F20F9519B00EE9663 /* Realm+SurfAlarm.swift */,
				743C835520F97C6E0062B994 /* SurfModel.swift */,
			);
			path = Storage;
			sourceTree = "<group>";
		};
		7468C15120F9228400EE9663 /* UI */ = {
			isa = PBXGroup;
			children = (
				745E5B9F210958870075A851 /* Views */,
				74FFBE22210661BC00DB03E5 /* SurfSpotSearchController */,
				74C5CFAF20FABB82004AEF35 /* SurfSpotCollectionView */,
				74C5CFB220FABEB2004AEF35 /* SurfSpotMapView */,
				7408647420F7144A00C62E29 /* Main.storyboard */,
				745E5BA2210972F80075A851 /* MainVC.swift */,
				7408647C20F7144B00C62E29 /* LaunchScreen.storyboard */,
				7408647A20F7144B00C62E29 /* Assets.xcassets */,
			);
			path = UI;
			sourceTree = "<group>";
		};
		7468C15220F9229100EE9663 /* Supporting Files */ = {
			isa = PBXGroup;
			children = (
				74C5CFC320FAC608004AEF35 /* R.generated.swift */,
				7408647F20F7144B00C62E29 /* Info.plist */,
				7468C14A20F8EFDD00EE9663 /* Surf.Alarm.entitlements */,
				743C835720F9A2B90062B994 /* API Examples.rtf */,
			);
			path = "Supporting Files";
			sourceTree = "<group>";
		};
		74C5CFAF20FABB82004AEF35 /* SurfSpotCollectionView */ = {
			isa = PBXGroup;
			children = (
				74C5CFAD20FA8621004AEF35 /* SurfSpotCell.xib */,
				74C5CFB020FABBA3004AEF35 /* SurfSpotCell.swift */,
				74C5CFB620FAC151004AEF35 /* SurfSpotsCollectionVC.swift */,
				745E5BAC210A1F630075A851 /* SurfSpotCollectionViewDelegate.swift */,
			);
			path = SurfSpotCollectionView;
			sourceTree = "<group>";
		};
		74C5CFB220FABEB2004AEF35 /* SurfSpotMapView */ = {
			isa = PBXGroup;
			children = (
				74FFBE2021061E5200DB03E5 /* ClusterAnnotationView.swift */,
				744E73A02105868900C2EF0C /* SurfSpotAnnotationView.swift */,
				74308F7920FAE885004A608B /* SurfSpotsMapVC.swift */,
				745E5BA621098FDE0075A851 /* SurfSpotMapDelegate.swift */,
			);
			path = SurfSpotMapView;
			sourceTree = "<group>";
		};
		74FFBE22210661BC00DB03E5 /* SurfSpotSearchController */ = {
			isa = PBXGroup;
			children = (
				74BCAD2C2106BFC200711DD8 /* SurfSpotSearchController.xib */,
				74FFBE23210661DF00DB03E5 /* SurfSpotSearchController.swift */,
				745E5BA821099EC70075A851 /* SurfSpotSearchDelegate.swift */,
			);
			path = SurfSpotSearchController;
			sourceTree = "<group>";
		};
/* End PBXGroup section */

/* Begin PBXNativeTarget section */
		7408646C20F7144A00C62E29 /* Surf.Alarm */ = {
			isa = PBXNativeTarget;
			buildConfigurationList = 7408648220F7144B00C62E29 /* Build configuration list for PBXNativeTarget "Surf.Alarm" */;
			buildPhases = (
				25F3BFFA6265F4EDA7BD6B39 /* [CP] Check Pods Manifest.lock */,
				74C5CFBA20FAC24E004AEF35 /* ShellScript */,
				7408646920F7144A00C62E29 /* Sources */,
				7408646A20F7144A00C62E29 /* Frameworks */,
				7408646B20F7144A00C62E29 /* Resources */,
				DF9295013BF301C35DE44756 /* [CP] Embed Pods Frameworks */,
			);
			buildRules = (
			);
			dependencies = (
			);
			name = Surf.Alarm;
			productName = Surf.Alarm;
			productReference = 7408646D20F7144A00C62E29 /* Surf.Alarm.app */;
			productType = "com.apple.product-type.application";
		};
/* End PBXNativeTarget section */

/* Begin PBXProject section */
		7408646520F7144A00C62E29 /* Project object */ = {
			isa = PBXProject;
			attributes = {
				LastSwiftUpdateCheck = 1000;
				LastUpgradeCheck = 1000;
				ORGANIZATIONNAME = Surf.Alarm;
				TargetAttributes = {
					7408646C20F7144A00C62E29 = {
						CreatedOnToolsVersion = 10.0;
						SystemCapabilities = {
							com.apple.BackgroundModes = {
								enabled = 1;
							};
							com.apple.Push = {
								enabled = 0;
							};
						};
					};
				};
			};
			buildConfigurationList = 7408646820F7144A00C62E29 /* Build configuration list for PBXProject "Surf.Alarm" */;
			compatibilityVersion = "Xcode 9.3";
			developmentRegion = en;
			hasScannedForEncodings = 0;
			knownRegions = (
				en,
				Base,
			);
			mainGroup = 7408646420F7144A00C62E29;
			productRefGroup = 7408646E20F7144A00C62E29 /* Products */;
			projectDirPath = "";
			projectRoot = "";
			targets = (
				7408646C20F7144A00C62E29 /* Surf.Alarm */,
			);
		};
/* End PBXProject section */

/* Begin PBXResourcesBuildPhase section */
		7408646B20F7144A00C62E29 /* Resources */ = {
			isa = PBXResourcesBuildPhase;
			buildActionMask = 2147483647;
			files = (
				7408647E20F7144B00C62E29 /* LaunchScreen.storyboard in Resources */,
				74C5CFAE20FA8621004AEF35 /* SurfSpotCell.xib in Resources */,
				7408647B20F7144B00C62E29 /* Assets.xcassets in Resources */,
				74BCAD2D2106BFC200711DD8 /* SurfSpotSearchController.xib in Resources */,
				743C835820F9A2B90062B994 /* API Examples.rtf in Resources */,
				7408647620F7144A00C62E29 /* Main.storyboard in Resources */,
			);
			runOnlyForDeploymentPostprocessing = 0;
		};
/* End PBXResourcesBuildPhase section */

/* Begin PBXShellScriptBuildPhase section */
		25F3BFFA6265F4EDA7BD6B39 /* [CP] Check Pods Manifest.lock */ = {
			isa = PBXShellScriptBuildPhase;
			buildActionMask = 2147483647;
			files = (
			);
			inputPaths = (
				"${PODS_PODFILE_DIR_PATH}/Podfile.lock",
				"${PODS_ROOT}/Manifest.lock",
			);
			name = "[CP] Check Pods Manifest.lock";
			outputPaths = (
				"$(DERIVED_FILE_DIR)/Pods-Surf.Alarm-checkManifestLockResult.txt",
			);
			runOnlyForDeploymentPostprocessing = 0;
			shellPath = /bin/sh;
			shellScript = "diff \"${PODS_PODFILE_DIR_PATH}/Podfile.lock\" \"${PODS_ROOT}/Manifest.lock\" > /dev/null\nif [ $? != 0 ] ; then\n    # print error to STDERR\n    echo \"error: The sandbox is not in sync with the Podfile.lock. Run 'pod install' or update your CocoaPods installation.\" >&2\n    exit 1\nfi\n# This output is used by Xcode 'outputs' to avoid re-running this script phase.\necho \"SUCCESS\" > \"${SCRIPT_OUTPUT_FILE_0}\"\n";
			showEnvVarsInLog = 0;
		};
		74C5CFBA20FAC24E004AEF35 /* ShellScript */ = {
			isa = PBXShellScriptBuildPhase;
			buildActionMask = 2147483647;
			files = (
			);
			inputPaths = (
			);
			outputPaths = (
			);
			runOnlyForDeploymentPostprocessing = 0;
			shellPath = /bin/sh;
			shellScript = "\"$PODS_ROOT/R.swift/rswift\" generate \"$SRCROOT\"";
		};
		DF9295013BF301C35DE44756 /* [CP] Embed Pods Frameworks */ = {
			isa = PBXShellScriptBuildPhase;
			buildActionMask = 2147483647;
			files = (
			);
			inputPaths = (
				"${SRCROOT}/Pods/Target Support Files/Pods-Surf.Alarm/Pods-Surf.Alarm-frameworks.sh",
				"${BUILT_PRODUCTS_DIR}/Alamofire/Alamofire.framework",
				"${BUILT_PRODUCTS_DIR}/CenteredCollectionView/CenteredCollectionView.framework",
				"${BUILT_PRODUCTS_DIR}/R.swift.Library/Rswift.framework",
				"${BUILT_PRODUCTS_DIR}/Realm/Realm.framework",
				"${BUILT_PRODUCTS_DIR}/RealmSwift/RealmSwift.framework",
				"${BUILT_PRODUCTS_DIR}/SpitcastSwift/SpitcastSwift.framework",
			);
			name = "[CP] Embed Pods Frameworks";
			outputPaths = (
				"${TARGET_BUILD_DIR}/${FRAMEWORKS_FOLDER_PATH}/Alamofire.framework",
				"${TARGET_BUILD_DIR}/${FRAMEWORKS_FOLDER_PATH}/CenteredCollectionView.framework",
				"${TARGET_BUILD_DIR}/${FRAMEWORKS_FOLDER_PATH}/Rswift.framework",
				"${TARGET_BUILD_DIR}/${FRAMEWORKS_FOLDER_PATH}/Realm.framework",
				"${TARGET_BUILD_DIR}/${FRAMEWORKS_FOLDER_PATH}/RealmSwift.framework",
				"${TARGET_BUILD_DIR}/${FRAMEWORKS_FOLDER_PATH}/SpitcastSwift.framework",
			);
			runOnlyForDeploymentPostprocessing = 0;
			shellPath = /bin/sh;
			shellScript = "\"${SRCROOT}/Pods/Target Support Files/Pods-Surf.Alarm/Pods-Surf.Alarm-frameworks.sh\"\n";
			showEnvVarsInLog = 0;
		};
/* End PBXShellScriptBuildPhase section */

/* Begin PBXSourcesBuildPhase section */
		7408646920F7144A00C62E29 /* Sources */ = {
			isa = PBXSourcesBuildPhase;
			buildActionMask = 2147483647;
			files = (
				74C5CFB120FABBA3004AEF35 /* SurfSpotCell.swift in Sources */,
				745E5BA3210972F80075A851 /* MainVC.swift in Sources */,
				743C835620F97C6E0062B994 /* SurfModel.swift in Sources */,
				745E5BA721098FDE0075A851 /* SurfSpotMapDelegate.swift in Sources */,
				7408647120F7144A00C62E29 /* AppDelegate.swift in Sources */,
				745E5BB1210A3A2E0075A851 /* CLLocationCoordinate2D+Equality.swift in Sources */,
				74FFBE25210661DF00DB03E5 /* SurfSpotSearchController.swift in Sources */,
				7468C16020F9519B00EE9663 /* Realm+SurfAlarm.swift in Sources */,
				74C5CFC420FAC608004AEF35 /* R.generated.swift in Sources */,
				74308F7E20FAE9C8004A608B /* Constants.swift in Sources */,
				74EFF1EF20FAEE3100789C3C /* Double+SurfHeight.swift in Sources */,
				745E5BA1210958930075A851 /* DesignableViews.swift in Sources */,
				74C5CFB820FAC151004AEF35 /* SurfSpotsCollectionVC.swift in Sources */,
				745E5BA921099EC70075A851 /* SurfSpotSearchDelegate.swift in Sources */,
				743C835C20FA82FD0062B994 /* Coordinator.swift in Sources */,
				744E73A12105868900C2EF0C /* SurfSpotAnnotationView.swift in Sources */,
				74FFBE2121061E5200DB03E5 /* ClusterAnnotationView.swift in Sources */,
				74308F7A20FAE885004A608B /* SurfSpotsMapVC.swift in Sources */,
				745E5BAD210A1F630075A851 /* SurfSpotCollectionViewDelegate.swift in Sources */,
			);
			runOnlyForDeploymentPostprocessing = 0;
		};
/* End PBXSourcesBuildPhase section */

/* Begin PBXVariantGroup section */
		7408647420F7144A00C62E29 /* Main.storyboard */ = {
			isa = PBXVariantGroup;
			children = (
				7408647520F7144A00C62E29 /* Base */,
			);
			name = Main.storyboard;
			sourceTree = "<group>";
		};
		7408647C20F7144B00C62E29 /* LaunchScreen.storyboard */ = {
			isa = PBXVariantGroup;
			children = (
				7408647D20F7144B00C62E29 /* Base */,
			);
			name = LaunchScreen.storyboard;
			sourceTree = "<group>";
		};
/* End PBXVariantGroup section */

/* Begin XCBuildConfiguration section */
		7408648020F7144B00C62E29 /* Debug */ = {
			isa = XCBuildConfiguration;
			buildSettings = {
				ALWAYS_SEARCH_USER_PATHS = NO;
				CLANG_ANALYZER_NONNULL = YES;
				CLANG_ANALYZER_NUMBER_OBJECT_CONVERSION = YES_AGGRESSIVE;
				CLANG_CXX_LANGUAGE_STANDARD = "gnu++14";
				CLANG_CXX_LIBRARY = "libc++";
				CLANG_ENABLE_MODULES = YES;
				CLANG_ENABLE_OBJC_ARC = YES;
				CLANG_ENABLE_OBJC_WEAK = YES;
				CLANG_WARN_BLOCK_CAPTURE_AUTORELEASING = YES;
				CLANG_WARN_BOOL_CONVERSION = YES;
				CLANG_WARN_COMMA = YES;
				CLANG_WARN_CONSTANT_CONVERSION = YES;
				CLANG_WARN_DEPRECATED_OBJC_IMPLEMENTATIONS = YES;
				CLANG_WARN_DIRECT_OBJC_ISA_USAGE = YES_ERROR;
				CLANG_WARN_DOCUMENTATION_COMMENTS = YES;
				CLANG_WARN_EMPTY_BODY = YES;
				CLANG_WARN_ENUM_CONVERSION = YES;
				CLANG_WARN_INFINITE_RECURSION = YES;
				CLANG_WARN_INT_CONVERSION = YES;
				CLANG_WARN_NON_LITERAL_NULL_CONVERSION = YES;
				CLANG_WARN_OBJC_IMPLICIT_RETAIN_SELF = YES;
				CLANG_WARN_OBJC_LITERAL_CONVERSION = YES;
				CLANG_WARN_OBJC_ROOT_CLASS = YES_ERROR;
				CLANG_WARN_RANGE_LOOP_ANALYSIS = YES;
				CLANG_WARN_STRICT_PROTOTYPES = YES;
				CLANG_WARN_SUSPICIOUS_MOVE = YES;
				CLANG_WARN_UNGUARDED_AVAILABILITY = YES_AGGRESSIVE;
				CLANG_WARN_UNREACHABLE_CODE = YES;
				CLANG_WARN__DUPLICATE_METHOD_MATCH = YES;
				CODE_SIGN_IDENTITY = "iPhone Developer";
				COPY_PHASE_STRIP = NO;
				DEBUG_INFORMATION_FORMAT = dwarf;
				ENABLE_STRICT_OBJC_MSGSEND = YES;
				ENABLE_TESTABILITY = YES;
				GCC_C_LANGUAGE_STANDARD = gnu11;
				GCC_DYNAMIC_NO_PIC = NO;
				GCC_NO_COMMON_BLOCKS = YES;
				GCC_OPTIMIZATION_LEVEL = 0;
				GCC_PREPROCESSOR_DEFINITIONS = (
					"DEBUG=1",
					"$(inherited)",
				);
				GCC_WARN_64_TO_32_BIT_CONVERSION = YES;
				GCC_WARN_ABOUT_RETURN_TYPE = YES_ERROR;
				GCC_WARN_UNDECLARED_SELECTOR = YES;
				GCC_WARN_UNINITIALIZED_AUTOS = YES_AGGRESSIVE;
				GCC_WARN_UNUSED_FUNCTION = YES;
				GCC_WARN_UNUSED_VARIABLE = YES;
				IPHONEOS_DEPLOYMENT_TARGET = 11.0;
				MTL_ENABLE_DEBUG_INFO = INCLUDE_SOURCE;
				MTL_FAST_MATH = YES;
				ONLY_ACTIVE_ARCH = YES;
				SDKROOT = iphoneos;
				SWIFT_ACTIVE_COMPILATION_CONDITIONS = DEBUG;
				SWIFT_OPTIMIZATION_LEVEL = "-Onone";
			};
			name = Debug;
		};
		7408648120F7144B00C62E29 /* Release */ = {
			isa = XCBuildConfiguration;
			buildSettings = {
				ALWAYS_SEARCH_USER_PATHS = NO;
				CLANG_ANALYZER_NONNULL = YES;
				CLANG_ANALYZER_NUMBER_OBJECT_CONVERSION = YES_AGGRESSIVE;
				CLANG_CXX_LANGUAGE_STANDARD = "gnu++14";
				CLANG_CXX_LIBRARY = "libc++";
				CLANG_ENABLE_MODULES = YES;
				CLANG_ENABLE_OBJC_ARC = YES;
				CLANG_ENABLE_OBJC_WEAK = YES;
				CLANG_WARN_BLOCK_CAPTURE_AUTORELEASING = YES;
				CLANG_WARN_BOOL_CONVERSION = YES;
				CLANG_WARN_COMMA = YES;
				CLANG_WARN_CONSTANT_CONVERSION = YES;
				CLANG_WARN_DEPRECATED_OBJC_IMPLEMENTATIONS = YES;
				CLANG_WARN_DIRECT_OBJC_ISA_USAGE = YES_ERROR;
				CLANG_WARN_DOCUMENTATION_COMMENTS = YES;
				CLANG_WARN_EMPTY_BODY = YES;
				CLANG_WARN_ENUM_CONVERSION = YES;
				CLANG_WARN_INFINITE_RECURSION = YES;
				CLANG_WARN_INT_CONVERSION = YES;
				CLANG_WARN_NON_LITERAL_NULL_CONVERSION = YES;
				CLANG_WARN_OBJC_IMPLICIT_RETAIN_SELF = YES;
				CLANG_WARN_OBJC_LITERAL_CONVERSION = YES;
				CLANG_WARN_OBJC_ROOT_CLASS = YES_ERROR;
				CLANG_WARN_RANGE_LOOP_ANALYSIS = YES;
				CLANG_WARN_STRICT_PROTOTYPES = YES;
				CLANG_WARN_SUSPICIOUS_MOVE = YES;
				CLANG_WARN_UNGUARDED_AVAILABILITY = YES_AGGRESSIVE;
				CLANG_WARN_UNREACHABLE_CODE = YES;
				CLANG_WARN__DUPLICATE_METHOD_MATCH = YES;
				CODE_SIGN_IDENTITY = "iPhone Developer";
				COPY_PHASE_STRIP = NO;
				DEBUG_INFORMATION_FORMAT = "dwarf-with-dsym";
				ENABLE_NS_ASSERTIONS = NO;
				ENABLE_STRICT_OBJC_MSGSEND = YES;
				GCC_C_LANGUAGE_STANDARD = gnu11;
				GCC_NO_COMMON_BLOCKS = YES;
				GCC_WARN_64_TO_32_BIT_CONVERSION = YES;
				GCC_WARN_ABOUT_RETURN_TYPE = YES_ERROR;
				GCC_WARN_UNDECLARED_SELECTOR = YES;
				GCC_WARN_UNINITIALIZED_AUTOS = YES_AGGRESSIVE;
				GCC_WARN_UNUSED_FUNCTION = YES;
				GCC_WARN_UNUSED_VARIABLE = YES;
				IPHONEOS_DEPLOYMENT_TARGET = 11.0;
				MTL_ENABLE_DEBUG_INFO = NO;
				MTL_FAST_MATH = YES;
				SDKROOT = iphoneos;
				SWIFT_COMPILATION_MODE = wholemodule;
				SWIFT_OPTIMIZATION_LEVEL = "-O";
				VALIDATE_PRODUCT = YES;
			};
			name = Release;
		};
		7408648320F7144B00C62E29 /* Debug */ = {
			isa = XCBuildConfiguration;
			baseConfigurationReference = F88502A7C8226CE5484A049C /* Pods-Surf.Alarm.debug.xcconfig */;
			buildSettings = {
				ASSETCATALOG_COMPILER_APPICON_NAME = AppIcon;
				CODE_SIGN_STYLE = Automatic;
				DEVELOPMENT_TEAM = NZ4TW8FFF3;
				INFOPLIST_FILE = "Surf.Alarm/Supporting Files/Info.plist";
				IPHONEOS_DEPLOYMENT_TARGET = 11.0;
				LD_RUNPATH_SEARCH_PATHS = (
					"$(inherited)",
					"@executable_path/Frameworks",
				);
				PRODUCT_BUNDLE_IDENTIFIER = "My.Surf-Alarm";
				PRODUCT_NAME = "$(TARGET_NAME)";
				SWIFT_VERSION = 4.2;
				TARGETED_DEVICE_FAMILY = 1;
			};
			name = Debug;
		};
		7408648420F7144B00C62E29 /* Release */ = {
			isa = XCBuildConfiguration;
			baseConfigurationReference = F23D36825BA411652143C334 /* Pods-Surf.Alarm.release.xcconfig */;
			buildSettings = {
				ASSETCATALOG_COMPILER_APPICON_NAME = AppIcon;
				CODE_SIGN_STYLE = Automatic;
				DEVELOPMENT_TEAM = NZ4TW8FFF3;
				INFOPLIST_FILE = "Surf.Alarm/Supporting Files/Info.plist";
				IPHONEOS_DEPLOYMENT_TARGET = 11.0;
				LD_RUNPATH_SEARCH_PATHS = (
					"$(inherited)",
					"@executable_path/Frameworks",
				);
				PRODUCT_BUNDLE_IDENTIFIER = "My.Surf-Alarm";
				PRODUCT_NAME = "$(TARGET_NAME)";
				SWIFT_VERSION = 4.2;
				TARGETED_DEVICE_FAMILY = 1;
			};
			name = Release;
		};
/* End XCBuildConfiguration section */

/* Begin XCConfigurationList section */
		7408646820F7144A00C62E29 /* Build configuration list for PBXProject "Surf.Alarm" */ = {
			isa = XCConfigurationList;
			buildConfigurations = (
				7408648020F7144B00C62E29 /* Debug */,
				7408648120F7144B00C62E29 /* Release */,
			);
			defaultConfigurationIsVisible = 0;
			defaultConfigurationName = Release;
		};
		7408648220F7144B00C62E29 /* Build configuration list for PBXNativeTarget "Surf.Alarm" */ = {
			isa = XCConfigurationList;
			buildConfigurations = (
				7408648320F7144B00C62E29 /* Debug */,
				7408648420F7144B00C62E29 /* Release */,
			);
			defaultConfigurationIsVisible = 0;
			defaultConfigurationName = Release;
		};
/* End XCConfigurationList section */
	};
	rootObject = 7408646520F7144A00C62E29 /* Project object */;
}
